
Microsoft Visual Studio Solution File, Format Version 12.00
# Visual Studio Version 17
VisualStudioVersion = 17.3.32825.248
MinimumVisualStudioVersion = 10.0.40219.1
Project("{9A19103F-16F7-4668-BE54-9A1E7A4F7556}") = "API", "API\API.csproj", "{45AB5010-283B-4409-B7DA-8D245221C00D}"
EndProject
Project("{9A19103F-16F7-4668-BE54-9A1E7A4F7556}") = "Application", "Application\Application.csproj", "{40E08277-DC9D-46FD-A802-B83CC49B8C73}"
EndProject
Project("{9A19103F-16F7-4668-BE54-9A1E7A4F7556}") = "Persistence", "Persistence\Persistence.csproj", "{39896471-C5E5-41B4-A4C2-0CA4F2EC1AD8}"
EndProject
Project("{9A19103F-16F7-4668-BE54-9A1E7A4F7556}") = "Domain", "Domain\Domain.csproj", "{F9404043-16A4-4FA9-890E-3663422541CF}"
EndProject
Project("{9A19103F-16F7-4668-BE54-9A1E7A4F7556}") = "Infrastructure", "Infrastructure\Infrastructure.csproj", "{E5960165-BE5B-4845-9801-0C37B51F22A0}"
EndProject
Global
	GlobalSection(SolutionConfigurationPlatforms) = preSolution
		Debug|Any CPU = Debug|Any CPU
		Release|Any CPU = Release|Any CPU
	EndGlobalSection
	GlobalSection(ProjectConfigurationPlatforms) = postSolution
		{45AB5010-283B-4409-B7DA-8D245221C00D}.Debug|Any CPU.ActiveCfg = Debug|Any CPU
		{45AB5010-283B-4409-B7DA-8D245221C00D}.Debug|Any CPU.Build.0 = Debug|Any CPU
		{45AB5010-283B-4409-B7DA-8D245221C00D}.Release|Any CPU.ActiveCfg = Release|Any CPU
		{45AB5010-283B-4409-B7DA-8D245221C00D}.Release|Any CPU.Build.0 = Release|Any CPU
		{40E08277-DC9D-46FD-A802-B83CC49B8C73}.Debug|Any CPU.ActiveCfg = Debug|Any CPU
		{40E08277-DC9D-46FD-A802-B83CC49B8C73}.Debug|Any CPU.Build.0 = Debug|Any CPU
		{40E08277-DC9D-46FD-A802-B83CC49B8C73}.Release|Any CPU.ActiveCfg = Release|Any CPU
		{40E08277-DC9D-46FD-A802-B83CC49B8C73}.Release|Any CPU.Build.0 = Release|Any CPU
		{39896471-C5E5-41B4-A4C2-0CA4F2EC1AD8}.Debug|Any CPU.ActiveCfg = Debug|Any CPU
		{39896471-C5E5-41B4-A4C2-0CA4F2EC1AD8}.Debug|Any CPU.Build.0 = Debug|Any CPU
		{39896471-C5E5-41B4-A4C2-0CA4F2EC1AD8}.Release|Any CPU.ActiveCfg = Release|Any CPU
		{39896471-C5E5-41B4-A4C2-0CA4F2EC1AD8}.Release|Any CPU.Build.0 = Release|Any CPU
		{F9404043-16A4-4FA9-890E-3663422541CF}.Debug|Any CPU.ActiveCfg = Debug|Any CPU
		{F9404043-16A4-4FA9-890E-3663422541CF}.Debug|Any CPU.Build.0 = Debug|Any CPU
		{F9404043-16A4-4FA9-890E-3663422541CF}.Release|Any CPU.ActiveCfg = Release|Any CPU
		{F9404043-16A4-4FA9-890E-3663422541CF}.Release|Any CPU.Build.0 = Release|Any CPU
		{E5960165-BE5B-4845-9801-0C37B51F22A0}.Debug|Any CPU.ActiveCfg = Debug|Any CPU
		{E5960165-BE5B-4845-9801-0C37B51F22A0}.Debug|Any CPU.Build.0 = Debug|Any CPU
		{E5960165-BE5B-4845-9801-0C37B51F22A0}.Release|Any CPU.ActiveCfg = Release|Any CPU
		{E5960165-BE5B-4845-9801-0C37B51F22A0}.Release|Any CPU.Build.0 = Release|Any CPU
	EndGlobalSection
	GlobalSection(SolutionProperties) = preSolution
		HideSolutionNode = FALSE
	EndGlobalSection
	GlobalSection(ExtensibilityGlobals) = postSolution
		SolutionGuid = {56E18471-36CE-48D6-B218-25E4B9AC9FF4}
	EndGlobalSection
EndGlobal
